Microsoft Visual Studio Solution File, Format Version 12.00
# Visual Studio Version 17
VisualStudioVersion = 17.5.2.0
MinimumVisualStudioVersion = 10.0.40219.1
Project("{FAE04EC0-301F-11D3-BF4B-00C04F79EFBC}") = "L_01_Introduction", "L_01_introduction\L_01_Introduction.csproj", "{AD087E26-FBC9-C2FE-7BF8-ED04B82E0E44}"
EndProject
Global
	GlobalSection(SolutionConfigurationPlatforms) = preSolution
		Debug|Any CPU = Debug|Any CPU
		Release|Any CPU = Release|Any CPU
	EndGlobalSection
	GlobalSection(ProjectConfigurationPlatforms) = postSolution
		{AD087E26-FBC9-C2FE-7BF8-ED04B82E0E44}.Debug|Any CPU.ActiveCfg = Debug|Any CPU
		{AD087E26-FBC9-C2FE-7BF8-ED04B82E0E44}.Debug|Any CPU.Build.0 = Debug|Any CPU
		{AD087E26-FBC9-C2FE-7BF8-ED04B82E0E44}.Release|Any CPU.ActiveCfg = Release|Any CPU
		{AD087E26-FBC9-C2FE-7BF8-ED04B82E0E44}.Release|Any CPU.Build.0 = Release|Any CPU
	EndGlobalSection
	GlobalSection(SolutionProperties) = preSolution
		HideSolutionNode = FALSE
	EndGlobalSection
	GlobalSection(ExtensibilityGlobals) = postSolution
		SolutionGuid = {2D3563EA-E2CC-48C6-8B63-CD4CE55D8AFF}
	EndGlobalSection
EndGlobal
